
Microsoft Visual Studio Solution File, Format Version 12.00
# Visual Studio Version 17
VisualStudioVersion = 17.10.35027.167
MinimumVisualStudioVersion = 10.0.40219.1
Project("{FAE04EC0-301F-11D3-BF4B-00C04F79EFBC}") = "webUygulamaProje1", "webUygulamaProje1\webUygulamaProje1.csproj", "{04E43C51-A588-484C-B11F-E1764C4DD4EC}"
EndProject
Global
	GlobalSection(SolutionConfigurationPlatforms) = preSolution
		Debug|Any CPU = Debug|Any CPU
		Release|Any CPU = Release|Any CPU
	EndGlobalSection
	GlobalSection(ProjectConfigurationPlatforms) = postSolution
		{04E43C51-A588-484C-B11F-E1764C4DD4EC}.Debug|Any CPU.ActiveCfg = Debug|Any CPU
		{04E43C51-A588-484C-B11F-E1764C4DD4EC}.Debug|Any CPU.Build.0 = Debug|Any CPU
		{04E43C51-A588-484C-B11F-E1764C4DD4EC}.Release|Any CPU.ActiveCfg = Release|Any CPU
		{04E43C51-A588-484C-B11F-E1764C4DD4EC}.Release|Any CPU.Build.0 = Release|Any CPU
	EndGlobalSection
	GlobalSection(SolutionProperties) = preSolution
		HideSolutionNode = FALSE
	EndGlobalSection
	GlobalSection(ExtensibilityGlobals) = postSolution
		SolutionGuid = {ACC0B10E-5184-4A32-BFF5-70854A5A50D5}
	EndGlobalSection
EndGlobal
